
Microsoft Visual Studio Solution File, Format Version 12.00
# Visual Studio 15
VisualStudioVersion = 15.0.26124.0
MinimumVisualStudioVersion = 15.0.26124.0
Project("{FAE04EC0-301F-11D3-BF4B-00C04F79EFBC}") = "Domain", "Domain\Domain.csproj", "{14943E07-1548-4EF0-BB04-FC6C74681D09}"
EndProject
Project("{FAE04EC0-301F-11D3-BF4B-00C04F79EFBC}") = "Application", "Application\Application.csproj", "{4F32A0D2-1476-48A9-B718-8E64F7DB6CF6}"
EndProject
Project("{FAE04EC0-301F-11D3-BF4B-00C04F79EFBC}") = "Persistence", "Persistence\Persistence.csproj", "{CBEBBC87-A736-453C-BBF9-EDAEAEB38207}"
EndProject
Project("{FAE04EC0-301F-11D3-BF4B-00C04F79EFBC}") = "API", "API\API.csproj", "{A079E36C-1440-4DC6-8370-C28722EF565A}"
EndProject
Global
	GlobalSection(SolutionConfigurationPlatforms) = preSolution
		Debug|Any CPU = Debug|Any CPU
		Debug|x64 = Debug|x64
		Debug|x86 = Debug|x86
		Release|Any CPU = Release|Any CPU
		Release|x64 = Release|x64
		Release|x86 = Release|x86
	EndGlobalSection
	GlobalSection(SolutionProperties) = preSolution
		HideSolutionNode = FALSE
	EndGlobalSection
	GlobalSection(ProjectConfigurationPlatforms) = postSolution
		{14943E07-1548-4EF0-BB04-FC6C74681D09}.Debug|Any CPU.ActiveCfg = Debug|Any CPU
		{14943E07-1548-4EF0-BB04-FC6C74681D09}.Debug|Any CPU.Build.0 = Debug|Any CPU
		{14943E07-1548-4EF0-BB04-FC6C74681D09}.Debug|x64.ActiveCfg = Debug|Any CPU
		{14943E07-1548-4EF0-BB04-FC6C74681D09}.Debug|x64.Build.0 = Debug|Any CPU
		{14943E07-1548-4EF0-BB04-FC6C74681D09}.Debug|x86.ActiveCfg = Debug|Any CPU
		{14943E07-1548-4EF0-BB04-FC6C74681D09}.Debug|x86.Build.0 = Debug|Any CPU
		{14943E07-1548-4EF0-BB04-FC6C74681D09}.Release|Any CPU.ActiveCfg = Release|Any CPU
		{14943E07-1548-4EF0-BB04-FC6C74681D09}.Release|Any CPU.Build.0 = Release|Any CPU
		{14943E07-1548-4EF0-BB04-FC6C74681D09}.Release|x64.ActiveCfg = Release|Any CPU
		{14943E07-1548-4EF0-BB04-FC6C74681D09}.Release|x64.Build.0 = Release|Any CPU
		{14943E07-1548-4EF0-BB04-FC6C74681D09}.Release|x86.ActiveCfg = Release|Any CPU
		{14943E07-1548-4EF0-BB04-FC6C74681D09}.Release|x86.Build.0 = Release|Any CPU
		{4F32A0D2-1476-48A9-B718-8E64F7DB6CF6}.Debug|Any CPU.ActiveCfg = Debug|Any CPU
		{4F32A0D2-1476-48A9-B718-8E64F7DB6CF6}.Debug|Any CPU.Build.0 = Debug|Any CPU
		{4F32A0D2-1476-48A9-B718-8E64F7DB6CF6}.Debug|x64.ActiveCfg = Debug|Any CPU
		{4F32A0D2-1476-48A9-B718-8E64F7DB6CF6}.Debug|x64.Build.0 = Debug|Any CPU
		{4F32A0D2-1476-48A9-B718-8E64F7DB6CF6}.Debug|x86.ActiveCfg = Debug|Any CPU
		{4F32A0D2-1476-48A9-B718-8E64F7DB6CF6}.Debug|x86.Build.0 = Debug|Any CPU
		{4F32A0D2-1476-48A9-B718-8E64F7DB6CF6}.Release|Any CPU.ActiveCfg = Release|Any CPU
		{4F32A0D2-1476-48A9-B718-8E64F7DB6CF6}.Release|Any CPU.Build.0 = Release|Any CPU
		{4F32A0D2-1476-48A9-B718-8E64F7DB6CF6}.Release|x64.ActiveCfg = Release|Any CPU
		{4F32A0D2-1476-48A9-B718-8E64F7DB6CF6}.Release|x64.Build.0 = Release|Any CPU
		{4F32A0D2-1476-48A9-B718-8E64F7DB6CF6}.Release|x86.ActiveCfg = Release|Any CPU
		{4F32A0D2-1476-48A9-B718-8E64F7DB6CF6}.Release|x86.Build.0 = Release|Any CPU
		{CBEBBC87-A736-453C-BBF9-EDAEAEB38207}.Debug|Any CPU.ActiveCfg = Debug|Any CPU
		{CBEBBC87-A736-453C-BBF9-EDAEAEB38207}.Debug|Any CPU.Build.0 = Debug|Any CPU
		{CBEBBC87-A736-453C-BBF9-EDAEAEB38207}.Debug|x64.ActiveCfg = Debug|Any CPU
		{CBEBBC87-A736-453C-BBF9-EDAEAEB38207}.Debug|x64.Build.0 = Debug|Any CPU
		{CBEBBC87-A736-453C-BBF9-EDAEAEB38207}.Debug|x86.ActiveCfg = Debug|Any CPU
		{CBEBBC87-A736-453C-BBF9-EDAEAEB38207}.Debug|x86.Build.0 = Debug|Any CPU
		{CBEBBC87-A736-453C-BBF9-EDAEAEB38207}.Release|Any CPU.ActiveCfg = Release|Any CPU
		{CBEBBC87-A736-453C-BBF9-EDAEAEB38207}.Release|Any CPU.Build.0 = Release|Any CPU
		{CBEBBC87-A736-453C-BBF9-EDAEAEB38207}.Release|x64.ActiveCfg = Release|Any CPU
		{CBEBBC87-A736-453C-BBF9-EDAEAEB38207}.Release|x64.Build.0 = Release|Any CPU
		{CBEBBC87-A736-453C-BBF9-EDAEAEB38207}.Release|x86.ActiveCfg = Release|Any CPU
		{CBEBBC87-A736-453C-BBF9-EDAEAEB38207}.Release|x86.Build.0 = Release|Any CPU
		{A079E36C-1440-4DC6-8370-C28722EF565A}.Debug|Any CPU.ActiveCfg = Debug|Any CPU
		{A079E36C-1440-4DC6-8370-C28722EF565A}.Debug|Any CPU.Build.0 = Debug|Any CPU
		{A079E36C-1440-4DC6-8370-C28722EF565A}.Debug|x64.ActiveCfg = Debug|Any CPU
		{A079E36C-1440-4DC6-8370-C28722EF565A}.Debug|x64.Build.0 = Debug|Any CPU
		{A079E36C-1440-4DC6-8370-C28722EF565A}.Debug|x86.ActiveCfg = Debug|Any CPU
		{A079E36C-1440-4DC6-8370-C28722EF565A}.Debug|x86.Build.0 = Debug|Any CPU
		{A079E36C-1440-4DC6-8370-C28722EF565A}.Release|Any CPU.ActiveCfg = Release|Any CPU
		{A079E36C-1440-4DC6-8370-C28722EF565A}.Release|Any CPU.Build.0 = Release|Any CPU
		{A079E36C-1440-4DC6-8370-C28722EF565A}.Release|x64.ActiveCfg = Release|Any CPU
		{A079E36C-1440-4DC6-8370-C28722EF565A}.Release|x64.Build.0 = Release|Any CPU
		{A079E36C-1440-4DC6-8370-C28722EF565A}.Release|x86.ActiveCfg = Release|Any CPU
		{A079E36C-1440-4DC6-8370-C28722EF565A}.Release|x86.Build.0 = Release|Any CPU
	EndGlobalSection
EndGlobal
